
Microsoft Visual Studio Solution File, Format Version 12.00
# Visual Studio Version 16
VisualStudioVersion = 16.0.33214.272
MinimumVisualStudioVersion = 10.0.40219.1
Project("{FAE04EC0-301F-11D3-BF4B-00C04F79EFBC}") = "Mission2Assignment", "Mission2Assignment\Mission2Assignment.csproj", "{07DF7686-BFDA-49E3-8894-6787C87AD548}"
EndProject
Global
	GlobalSection(SolutionConfigurationPlatforms) = preSolution
		Debug|Any CPU = Debug|Any CPU
		Release|Any CPU = Release|Any CPU
	EndGlobalSection
	GlobalSection(ProjectConfigurationPlatforms) = postSolution
		{07DF7686-BFDA-49E3-8894-6787C87AD548}.Debug|Any CPU.ActiveCfg = Debug|Any CPU
		{07DF7686-BFDA-49E3-8894-6787C87AD548}.Debug|Any CPU.Build.0 = Debug|Any CPU
		{07DF7686-BFDA-49E3-8894-6787C87AD548}.Release|Any CPU.ActiveCfg = Release|Any CPU
		{07DF7686-BFDA-49E3-8894-6787C87AD548}.Release|Any CPU.Build.0 = Release|Any CPU
	EndGlobalSection
	GlobalSection(SolutionProperties) = preSolution
		HideSolutionNode = FALSE
	EndGlobalSection
	GlobalSection(ExtensibilityGlobals) = postSolution
		SolutionGuid = {C38F24BE-CE2A-46E8-A103-DDE3194B9BD1}
	EndGlobalSection
EndGlobal
